
Microsoft Visual Studio Solution File, Format Version 12.00
# Visual Studio Version 17
VisualStudioVersion = 17.9.34723.18
MinimumVisualStudioVersion = 10.0.40219.1
Project("{8BC9CEB8-8B4A-11D0-8D11-00A0C91BC942}") = "01-第一个项目", "01-第一个项目\01-第一个项目.vcxproj", "{76F91B14-235D-4D5D-8229-4FAB0849A234}"
EndProject
Project("{8BC9CEB8-8B4A-11D0-8D11-00A0C91BC942}") = "02-第二个项目", "02-第二个项目\02-第二个项目.vcxproj", "{E311F2CF-0818-43F7-93E6-3B99115D965B}"
EndProject
Project("{8BC9CEB8-8B4A-11D0-8D11-00A0C91BC942}") = "03-第一个HellowWord程序", "03-第一个HellowWord程序\03-第一个HellowWord程序.vcxproj", "{D9EE2079-2038-4B01-AA28-0E2F58133A55}"
EndProject
Project("{8BC9CEB8-8B4A-11D0-8D11-00A0C91BC942}") = "04-第二个HelloWorld程序", "04-第二个HelloWorld程序\04-第二个HelloWorld程序.vcxproj", "{EC76FE4E-3B95-45CD-A7AC-FD6EB7105AA3}"
EndProject
Project("{8BC9CEB8-8B4A-11D0-8D11-00A0C91BC942}") = "05-数据类型常量和变量", "05-数据类型常量和变量\05-数据类型常量和变量.vcxproj", "{069DFAC1-66DF-4E27-8325-89BD82A7B84A}"
EndProject
Project("{8BC9CEB8-8B4A-11D0-8D11-00A0C91BC942}") = "06-控制台输出与输入", "06-控制台输出与输入\06-控制台输出与输入.vcxproj", "{A3F7B326-3C10-4FFF-91B7-0DBC38844964}"
EndProject
Project("{8BC9CEB8-8B4A-11D0-8D11-00A0C91BC942}") = "07-算术", "07-算术\07-算术.vcxproj", "{CF95A443-522D-44D7-A251-0647B75AC298}"
EndProject
Project("{8BC9CEB8-8B4A-11D0-8D11-00A0C91BC942}") = "08-布尔类型关系运算符和逻辑运算符", "08-布尔类型关系运算符和逻辑运算符\08-布尔类型关系运算符和逻辑运算符.vcxproj", "{CE6A4505-8BB7-46D1-A40B-9B040327772B}"
EndProject
Project("{8BC9CEB8-8B4A-11D0-8D11-00A0C91BC942}") = "09-条件与判断语句", "09-条件与判断语句\09-条件与判断语句.vcxproj", "{2024EBEF-360C-4D40-8DC5-42D9FBBFC8AB}"
EndProject
Project("{8BC9CEB8-8B4A-11D0-8D11-00A0C91BC942}") = "10-循环语句", "10-循环语句\10-循环语句.vcxproj", "{4F085E93-FB62-4505-BFF6-7B2527A4A495}"
EndProject
Project("{8BC9CEB8-8B4A-11D0-8D11-00A0C91BC942}") = "11-函数", "11-函数\11-函数.vcxproj", "{56AB649E-3506-4793-B391-147645443BEA}"
EndProject
Project("{8BC9CEB8-8B4A-11D0-8D11-00A0C91BC942}") = "12-字符串", "12-字符串\12-字符串.vcxproj", "{35C21748-9607-4FCE-9C45-28BAA62FB652}"
EndProject
Project("{8BC9CEB8-8B4A-11D0-8D11-00A0C91BC942}") = "13-结构体", "13-结构体\13-结构体.vcxproj", "{4D474ACB-3782-4E83-9E89-AFD7A8CF3E48}"
EndProject
Project("{8BC9CEB8-8B4A-11D0-8D11-00A0C91BC942}") = "14-猜数字", "14-猜数字\14-猜数字.vcxproj", "{789245B7-9DA2-4F79-B923-CA1890FAC641}"
EndProject
Project("{8BC9CEB8-8B4A-11D0-8D11-00A0C91BC942}") = "15-枚举类型", "15-枚举类型\15-枚举类型.vcxproj", "{F3B5D74B-D218-4B66-BA2F-10D1B934B6A8}"
EndProject
Project("{8BC9CEB8-8B4A-11D0-8D11-00A0C91BC942}") = "16-数组", "16-数组\16-数组.vcxproj", "{9F25CB33-C639-4FF9-B1A8-5310F1ABA45B}"
EndProject
Project("{8BC9CEB8-8B4A-11D0-8D11-00A0C91BC942}") = "17-指针", "17-指针\17-指针.vcxproj", "{8F7EA4B8-7156-4ECE-99DC-A27FB0445F60}"
EndProject
Global
	GlobalSection(SolutionConfigurationPlatforms) = preSolution
		Debug|x64 = Debug|x64
		Debug|x86 = Debug|x86
		Release|x64 = Release|x64
		Release|x86 = Release|x86
	EndGlobalSection
	GlobalSection(ProjectConfigurationPlatforms) = postSolution
		{76F91B14-235D-4D5D-8229-4FAB0849A234}.Debug|x64.ActiveCfg = Debug|x64
		{76F91B14-235D-4D5D-8229-4FAB0849A234}.Debug|x64.Build.0 = Debug|x64
		{76F91B14-235D-4D5D-8229-4FAB0849A234}.Debug|x86.ActiveCfg = Debug|Win32
		{76F91B14-235D-4D5D-8229-4FAB0849A234}.Debug|x86.Build.0 = Debug|Win32
		{76F91B14-235D-4D5D-8229-4FAB0849A234}.Release|x64.ActiveCfg = Release|x64
		{76F91B14-235D-4D5D-8229-4FAB0849A234}.Release|x64.Build.0 = Release|x64
		{76F91B14-235D-4D5D-8229-4FAB0849A234}.Release|x86.ActiveCfg = Release|Win32
		{76F91B14-235D-4D5D-8229-4FAB0849A234}.Release|x86.Build.0 = Release|Win32
		{E311F2CF-0818-43F7-93E6-3B99115D965B}.Debug|x64.ActiveCfg = Debug|x64
		{E311F2CF-0818-43F7-93E6-3B99115D965B}.Debug|x64.Build.0 = Debug|x64
		{E311F2CF-0818-43F7-93E6-3B99115D965B}.Debug|x86.ActiveCfg = Debug|Win32
		{E311F2CF-0818-43F7-93E6-3B99115D965B}.Debug|x86.Build.0 = Debug|Win32
		{E311F2CF-0818-43F7-93E6-3B99115D965B}.Release|x64.ActiveCfg = Release|x64
		{E311F2CF-0818-43F7-93E6-3B99115D965B}.Release|x64.Build.0 = Release|x64
		{E311F2CF-0818-43F7-93E6-3B99115D965B}.Release|x86.ActiveCfg = Release|Win32
		{E311F2CF-0818-43F7-93E6-3B99115D965B}.Release|x86.Build.0 = Release|Win32
		{D9EE2079-2038-4B01-AA28-0E2F58133A55}.Debug|x64.ActiveCfg = Debug|x64
		{D9EE2079-2038-4B01-AA28-0E2F58133A55}.Debug|x64.Build.0 = Debug|x64
		{D9EE2079-2038-4B01-AA28-0E2F58133A55}.Debug|x86.ActiveCfg = Debug|Win32
		{D9EE2079-2038-4B01-AA28-0E2F58133A55}.Debug|x86.Build.0 = Debug|Win32
		{D9EE2079-2038-4B01-AA28-0E2F58133A55}.Release|x64.ActiveCfg = Release|x64
		{D9EE2079-2038-4B01-AA28-0E2F58133A55}.Release|x64.Build.0 = Release|x64
		{D9EE2079-2038-4B01-AA28-0E2F58133A55}.Release|x86.ActiveCfg = Release|Win32
		{D9EE2079-2038-4B01-AA28-0E2F58133A55}.Release|x86.Build.0 = Release|Win32
		{EC76FE4E-3B95-45CD-A7AC-FD6EB7105AA3}.Debug|x64.ActiveCfg = Debug|x64
		{EC76FE4E-3B95-45CD-A7AC-FD6EB7105AA3}.Debug|x64.Build.0 = Debug|x64
		{EC76FE4E-3B95-45CD-A7AC-FD6EB7105AA3}.Debug|x86.ActiveCfg = Debug|Win32
		{EC76FE4E-3B95-45CD-A7AC-FD6EB7105AA3}.Debug|x86.Build.0 = Debug|Win32
		{EC76FE4E-3B95-45CD-A7AC-FD6EB7105AA3}.Release|x64.ActiveCfg = Release|x64
		{EC76FE4E-3B95-45CD-A7AC-FD6EB7105AA3}.Release|x64.Build.0 = Release|x64
		{EC76FE4E-3B95-45CD-A7AC-FD6EB7105AA3}.Release|x86.ActiveCfg = Release|Win32
		{EC76FE4E-3B95-45CD-A7AC-FD6EB7105AA3}.Release|x86.Build.0 = Release|Win32
		{069DFAC1-66DF-4E27-8325-89BD82A7B84A}.Debug|x64.ActiveCfg = Debug|x64
		{069DFAC1-66DF-4E27-8325-89BD82A7B84A}.Debug|x64.Build.0 = Debug|x64
		{069DFAC1-66DF-4E27-8325-89BD82A7B84A}.Debug|x86.ActiveCfg = Debug|Win32
		{069DFAC1-66DF-4E27-8325-89BD82A7B84A}.Debug|x86.Build.0 = Debug|Win32
		{069DFAC1-66DF-4E27-8325-89BD82A7B84A}.Release|x64.ActiveCfg = Release|x64
		{069DFAC1-66DF-4E27-8325-89BD82A7B84A}.Release|x64.Build.0 = Release|x64
		{069DFAC1-66DF-4E27-8325-89BD82A7B84A}.Release|x86.ActiveCfg = Release|Win32
		{069DFAC1-66DF-4E27-8325-89BD82A7B84A}.Release|x86.Build.0 = Release|Win32
		{A3F7B326-3C10-4FFF-91B7-0DBC38844964}.Debug|x64.ActiveCfg = Debug|x64
		{A3F7B326-3C10-4FFF-91B7-0DBC38844964}.Debug|x64.Build.0 = Debug|x64
		{A3F7B326-3C10-4FFF-91B7-0DBC38844964}.Debug|x86.ActiveCfg = Debug|Win32
		{A3F7B326-3C10-4FFF-91B7-0DBC38844964}.Debug|x86.Build.0 = Debug|Win32
		{A3F7B326-3C10-4FFF-91B7-0DBC38844964}.Release|x64.ActiveCfg = Release|x64
		{A3F7B326-3C10-4FFF-91B7-0DBC38844964}.Release|x64.Build.0 = Release|x64
		{A3F7B326-3C10-4FFF-91B7-0DBC38844964}.Release|x86.ActiveCfg = Release|Win32
		{A3F7B326-3C10-4FFF-91B7-0DBC38844964}.Release|x86.Build.0 = Release|Win32
		{CF95A443-522D-44D7-A251-0647B75AC298}.Debug|x64.ActiveCfg = Debug|x64
		{CF95A443-522D-44D7-A251-0647B75AC298}.Debug|x64.Build.0 = Debug|x64
		{CF95A443-522D-44D7-A251-0647B75AC298}.Debug|x86.ActiveCfg = Debug|Win32
		{CF95A443-522D-44D7-A251-0647B75AC298}.Debug|x86.Build.0 = Debug|Win32
		{CF95A443-522D-44D7-A251-0647B75AC298}.Release|x64.ActiveCfg = Release|x64
		{CF95A443-522D-44D7-A251-0647B75AC298}.Release|x64.Build.0 = Release|x64
		{CF95A443-522D-44D7-A251-0647B75AC298}.Release|x86.ActiveCfg = Release|Win32
		{CF95A443-522D-44D7-A251-0647B75AC298}.Release|x86.Build.0 = Release|Win32
		{CE6A4505-8BB7-46D1-A40B-9B040327772B}.Debug|x64.ActiveCfg = Debug|x64
		{CE6A4505-8BB7-46D1-A40B-9B040327772B}.Debug|x64.Build.0 = Debug|x64
		{CE6A4505-8BB7-46D1-A40B-9B040327772B}.Debug|x86.ActiveCfg = Debug|Win32
		{CE6A4505-8BB7-46D1-A40B-9B040327772B}.Debug|x86.Build.0 = Debug|Win32
		{CE6A4505-8BB7-46D1-A40B-9B040327772B}.Release|x64.ActiveCfg = Release|x64
		{CE6A4505-8BB7-46D1-A40B-9B040327772B}.Release|x64.Build.0 = Release|x64
		{CE6A4505-8BB7-46D1-A40B-9B040327772B}.Release|x86.ActiveCfg = Release|Win32
		{CE6A4505-8BB7-46D1-A40B-9B040327772B}.Release|x86.Build.0 = Release|Win32
		{2024EBEF-360C-4D40-8DC5-42D9FBBFC8AB}.Debug|x64.ActiveCfg = Debug|x64
		{2024EBEF-360C-4D40-8DC5-42D9FBBFC8AB}.Debug|x64.Build.0 = Debug|x64
		{2024EBEF-360C-4D40-8DC5-42D9FBBFC8AB}.Debug|x86.ActiveCfg = Debug|Win32
		{2024EBEF-360C-4D40-8DC5-42D9FBBFC8AB}.Debug|x86.Build.0 = Debug|Win32
		{2024EBEF-360C-4D40-8DC5-42D9FBBFC8AB}.Release|x64.ActiveCfg = Release|x64
		{2024EBEF-360C-4D40-8DC5-42D9FBBFC8AB}.Release|x64.Build.0 = Release|x64
		{2024EBEF-360C-4D40-8DC5-42D9FBBFC8AB}.Release|x86.ActiveCfg = Release|Win32
		{2024EBEF-360C-4D40-8DC5-42D9FBBFC8AB}.Release|x86.Build.0 = Release|Win32
		{4F085E93-FB62-4505-BFF6-7B2527A4A495}.Debug|x64.ActiveCfg = Debug|x64
		{4F085E93-FB62-4505-BFF6-7B2527A4A495}.Debug|x64.Build.0 = Debug|x64
		{4F085E93-FB62-4505-BFF6-7B2527A4A495}.Debug|x86.ActiveCfg = Debug|Win32
		{4F085E93-FB62-4505-BFF6-7B2527A4A495}.Debug|x86.Build.0 = Debug|Win32
		{4F085E93-FB62-4505-BFF6-7B2527A4A495}.Release|x64.ActiveCfg = Release|x64
		{4F085E93-FB62-4505-BFF6-7B2527A4A495}.Release|x64.Build.0 = Release|x64
		{4F085E93-FB62-4505-BFF6-7B2527A4A495}.Release|x86.ActiveCfg = Release|Win32
		{4F085E93-FB62-4505-BFF6-7B2527A4A495}.Release|x86.Build.0 = Release|Win32
		{56AB649E-3506-4793-B391-147645443BEA}.Debug|x64.ActiveCfg = Debug|x64
		{56AB649E-3506-4793-B391-147645443BEA}.Debug|x64.Build.0 = Debug|x64
		{56AB649E-3506-4793-B391-147645443BEA}.Debug|x86.ActiveCfg = Debug|Win32
		{56AB649E-3506-4793-B391-147645443BEA}.Debug|x86.Build.0 = Debug|Win32
		{56AB649E-3506-4793-B391-147645443BEA}.Release|x64.ActiveCfg = Release|x64
		{56AB649E-3506-4793-B391-147645443BEA}.Release|x64.Build.0 = Release|x64
		{56AB649E-3506-4793-B391-147645443BEA}.Release|x86.ActiveCfg = Release|Win32
		{56AB649E-3506-4793-B391-147645443BEA}.Release|x86.Build.0 = Release|Win32
		{35C21748-9607-4FCE-9C45-28BAA62FB652}.Debug|x64.ActiveCfg = Debug|x64
		{35C21748-9607-4FCE-9C45-28BAA62FB652}.Debug|x64.Build.0 = Debug|x64
		{35C21748-9607-4FCE-9C45-28BAA62FB652}.Debug|x86.ActiveCfg = Debug|Win32
		{35C21748-9607-4FCE-9C45-28BAA62FB652}.Debug|x86.Build.0 = Debug|Win32
		{35C21748-9607-4FCE-9C45-28BAA62FB652}.Release|x64.ActiveCfg = Release|x64
		{35C21748-9607-4FCE-9C45-28BAA62FB652}.Release|x64.Build.0 = Release|x64
		{35C21748-9607-4FCE-9C45-28BAA62FB652}.Release|x86.ActiveCfg = Release|Win32
		{35C21748-9607-4FCE-9C45-28BAA62FB652}.Release|x86.Build.0 = Release|Win32
		{4D474ACB-3782-4E83-9E89-AFD7A8CF3E48}.Debug|x64.ActiveCfg = Debug|x64
		{4D474ACB-3782-4E83-9E89-AFD7A8CF3E48}.Debug|x64.Build.0 = Debug|x64
		{4D474ACB-3782-4E83-9E89-AFD7A8CF3E48}.Debug|x86.ActiveCfg = Debug|Win32
		{4D474ACB-3782-4E83-9E89-AFD7A8CF3E48}.Debug|x86.Build.0 = Debug|Win32
		{4D474ACB-3782-4E83-9E89-AFD7A8CF3E48}.Release|x64.ActiveCfg = Release|x64
		{4D474ACB-3782-4E83-9E89-AFD7A8CF3E48}.Release|x64.Build.0 = Release|x64
		{4D474ACB-3782-4E83-9E89-AFD7A8CF3E48}.Release|x86.ActiveCfg = Release|Win32
		{4D474ACB-3782-4E83-9E89-AFD7A8CF3E48}.Release|x86.Build.0 = Release|Win32
		{789245B7-9DA2-4F79-B923-CA1890FAC641}.Debug|x64.ActiveCfg = Debug|x64
		{789245B7-9DA2-4F79-B923-CA1890FAC641}.Debug|x64.Build.0 = Debug|x64
		{789245B7-9DA2-4F79-B923-CA1890FAC641}.Debug|x86.ActiveCfg = Debug|Win32
		{789245B7-9DA2-4F79-B923-CA1890FAC641}.Debug|x86.Build.0 = Debug|Win32
		{789245B7-9DA2-4F79-B923-CA1890FAC641}.Release|x64.ActiveCfg = Release|x64
		{789245B7-9DA2-4F79-B923-CA1890FAC641}.Release|x64.Build.0 = Release|x64
		{789245B7-9DA2-4F79-B923-CA1890FAC641}.Release|x86.ActiveCfg = Release|Win32
		{789245B7-9DA2-4F79-B923-CA1890FAC641}.Release|x86.Build.0 = Release|Win32
		{F3B5D74B-D218-4B66-BA2F-10D1B934B6A8}.Debug|x64.ActiveCfg = Debug|x64
		{F3B5D74B-D218-4B66-BA2F-10D1B934B6A8}.Debug|x64.Build.0 = Debug|x64
		{F3B5D74B-D218-4B66-BA2F-10D1B934B6A8}.Debug|x86.ActiveCfg = Debug|Win32
		{F3B5D74B-D218-4B66-BA2F-10D1B934B6A8}.Debug|x86.Build.0 = Debug|Win32
		{F3B5D74B-D218-4B66-BA2F-10D1B934B6A8}.Release|x64.ActiveCfg = Release|x64
		{F3B5D74B-D218-4B66-BA2F-10D1B934B6A8}.Release|x64.Build.0 = Release|x64
		{F3B5D74B-D218-4B66-BA2F-10D1B934B6A8}.Release|x86.ActiveCfg = Release|Win32
		{F3B5D74B-D218-4B66-BA2F-10D1B934B6A8}.Release|x86.Build.0 = Release|Win32
		{9F25CB33-C639-4FF9-B1A8-5310F1ABA45B}.Debug|x64.ActiveCfg = Debug|x64
		{9F25CB33-C639-4FF9-B1A8-5310F1ABA45B}.Debug|x64.Build.0 = Debug|x64
		{9F25CB33-C639-4FF9-B1A8-5310F1ABA45B}.Debug|x86.ActiveCfg = Debug|Win32
		{9F25CB33-C639-4FF9-B1A8-5310F1ABA45B}.Debug|x86.Build.0 = Debug|Win32
		{9F25CB33-C639-4FF9-B1A8-5310F1ABA45B}.Release|x64.ActiveCfg = Release|x64
		{9F25CB33-C639-4FF9-B1A8-5310F1ABA45B}.Release|x64.Build.0 = Release|x64
		{9F25CB33-C639-4FF9-B1A8-5310F1ABA45B}.Release|x86.ActiveCfg = Release|Win32
		{9F25CB33-C639-4FF9-B1A8-5310F1ABA45B}.Release|x86.Build.0 = Release|Win32
		{8F7EA4B8-7156-4ECE-99DC-A27FB0445F60}.Debug|x64.ActiveCfg = Debug|x64
		{8F7EA4B8-7156-4ECE-99DC-A27FB0445F60}.Debug|x64.Build.0 = Debug|x64
		{8F7EA4B8-7156-4ECE-99DC-A27FB0445F60}.Debug|x86.ActiveCfg = Debug|Win32
		{8F7EA4B8-7156-4ECE-99DC-A27FB0445F60}.Debug|x86.Build.0 = Debug|Win32
		{8F7EA4B8-7156-4ECE-99DC-A27FB0445F60}.Release|x64.ActiveCfg = Release|x64
		{8F7EA4B8-7156-4ECE-99DC-A27FB0445F60}.Release|x64.Build.0 = Release|x64
		{8F7EA4B8-7156-4ECE-99DC-A27FB0445F60}.Release|x86.ActiveCfg = Release|Win32
		{8F7EA4B8-7156-4ECE-99DC-A27FB0445F60}.Release|x86.Build.0 = Release|Win32
	EndGlobalSection
	GlobalSection(SolutionProperties) = preSolution
		HideSolutionNode = FALSE
	EndGlobalSection
	GlobalSection(ExtensibilityGlobals) = postSolution
		SolutionGuid = {B935FCF5-0E28-4041-8EFA-E36BEC3DAA0D}
	EndGlobalSection
EndGlobal
